
Microsoft Visual Studio Solution File, Format Version 12.00
# Visual Studio Version 17
VisualStudioVersion = 17.0.31903.59
MinimumVisualStudioVersion = 10.0.40219.1
Project("{FAE04EC0-301F-11D3-BF4B-00C04F79EFBC}") = "HttpContextExtensions", "HttpContextExtensions\HttpContextExtensions.csproj", "{7ECE678F-D004-4C9A-B064-9300C376BB3A}"
EndProject
Project("{FAE04EC0-301F-11D3-BF4B-00C04F79EFBC}") = "HttpContextExtensionsTest", "HttpContextExtensionsTest\HttpContextExtensionsTest.csproj", "{F379E60F-68D7-4485-AC44-636906E42A51}"
EndProject
Global
	GlobalSection(SolutionConfigurationPlatforms) = preSolution
		Debug|Any CPU = Debug|Any CPU
		Release|Any CPU = Release|Any CPU
	EndGlobalSection
	GlobalSection(SolutionProperties) = preSolution
		HideSolutionNode = FALSE
	EndGlobalSection
	GlobalSection(ProjectConfigurationPlatforms) = postSolution
		{7ECE678F-D004-4C9A-B064-9300C376BB3A}.Debug|Any CPU.ActiveCfg = Debug|Any CPU
		{7ECE678F-D004-4C9A-B064-9300C376BB3A}.Debug|Any CPU.Build.0 = Debug|Any CPU
		{7ECE678F-D004-4C9A-B064-9300C376BB3A}.Release|Any CPU.ActiveCfg = Release|Any CPU
		{7ECE678F-D004-4C9A-B064-9300C376BB3A}.Release|Any CPU.Build.0 = Release|Any CPU
		{F379E60F-68D7-4485-AC44-636906E42A51}.Debug|Any CPU.ActiveCfg = Debug|Any CPU
		{F379E60F-68D7-4485-AC44-636906E42A51}.Debug|Any CPU.Build.0 = Debug|Any CPU
		{F379E60F-68D7-4485-AC44-636906E42A51}.Release|Any CPU.ActiveCfg = Release|Any CPU
		{F379E60F-68D7-4485-AC44-636906E42A51}.Release|Any CPU.Build.0 = Release|Any CPU
	EndGlobalSection
EndGlobal
